
Microsoft Visual Studio Solution File, Format Version 12.00
# Visual Studio 2012
Project("{FAE04EC0-301F-11D3-BF4B-00C04F79EFBC}") = "bottom.Android", "bottom.Android\bottom.Android.csproj", "{C37138F0-BBEE-49D4-AEEB-F5DC0F90754B}"
EndProject
Project("{FAE04EC0-301F-11D3-BF4B-00C04F79EFBC}") = "bottom.iOS", "bottom.iOS\bottom.iOS.csproj", "{BD05E605-1F2B-4991-A20C-C5371FEBCB79}"
EndProject
Project("{FAE04EC0-301F-11D3-BF4B-00C04F79EFBC}") = "bottom", "bottom\bottom.csproj", "{46072FC1-901B-452A-BF61-88DB1B9A80A8}"
EndProject
Global
	GlobalSection(SolutionConfigurationPlatforms) = preSolution
		Debug|Any CPU = Debug|Any CPU
		Release|Any CPU = Release|Any CPU
		Debug|iPhoneSimulator = Debug|iPhoneSimulator
		Release|iPhoneSimulator = Release|iPhoneSimulator
		Debug|iPhone = Debug|iPhone
		Release|iPhone = Release|iPhone
		Ad-Hoc|iPhone = Ad-Hoc|iPhone
		AppStore|iPhone = AppStore|iPhone
	EndGlobalSection
	GlobalSection(ProjectConfigurationPlatforms) = postSolution
		{C37138F0-BBEE-49D4-AEEB-F5DC0F90754B}.Debug|Any CPU.ActiveCfg = Debug|Any CPU
		{C37138F0-BBEE-49D4-AEEB-F5DC0F90754B}.Debug|Any CPU.Build.0 = Debug|Any CPU
		{C37138F0-BBEE-49D4-AEEB-F5DC0F90754B}.Release|Any CPU.ActiveCfg = Release|Any CPU
		{C37138F0-BBEE-49D4-AEEB-F5DC0F90754B}.Release|Any CPU.Build.0 = Release|Any CPU
		{C37138F0-BBEE-49D4-AEEB-F5DC0F90754B}.Debug|iPhoneSimulator.ActiveCfg = Debug|Any CPU
		{C37138F0-BBEE-49D4-AEEB-F5DC0F90754B}.Debug|iPhoneSimulator.Build.0 = Debug|Any CPU
		{C37138F0-BBEE-49D4-AEEB-F5DC0F90754B}.Release|iPhoneSimulator.ActiveCfg = Release|Any CPU
		{C37138F0-BBEE-49D4-AEEB-F5DC0F90754B}.Release|iPhoneSimulator.Build.0 = Release|Any CPU
		{C37138F0-BBEE-49D4-AEEB-F5DC0F90754B}.Debug|iPhone.ActiveCfg = Debug|Any CPU
		{C37138F0-BBEE-49D4-AEEB-F5DC0F90754B}.Debug|iPhone.Build.0 = Debug|Any CPU
		{C37138F0-BBEE-49D4-AEEB-F5DC0F90754B}.Release|iPhone.ActiveCfg = Release|Any CPU
		{C37138F0-BBEE-49D4-AEEB-F5DC0F90754B}.Release|iPhone.Build.0 = Release|Any CPU
		{C37138F0-BBEE-49D4-AEEB-F5DC0F90754B}.Ad-Hoc|iPhone.ActiveCfg = Debug|Any CPU
		{C37138F0-BBEE-49D4-AEEB-F5DC0F90754B}.Ad-Hoc|iPhone.Build.0 = Debug|Any CPU
		{C37138F0-BBEE-49D4-AEEB-F5DC0F90754B}.AppStore|iPhone.ActiveCfg = Debug|Any CPU
		{C37138F0-BBEE-49D4-AEEB-F5DC0F90754B}.AppStore|iPhone.Build.0 = Debug|Any CPU
		{BD05E605-1F2B-4991-A20C-C5371FEBCB79}.Debug|Any CPU.ActiveCfg = Debug|iPhoneSimulator
		{BD05E605-1F2B-4991-A20C-C5371FEBCB79}.Debug|Any CPU.Build.0 = Debug|iPhoneSimulator
		{BD05E605-1F2B-4991-A20C-C5371FEBCB79}.Release|Any CPU.ActiveCfg = Release|iPhoneSimulator
		{BD05E605-1F2B-4991-A20C-C5371FEBCB79}.Release|Any CPU.Build.0 = Release|iPhoneSimulator
		{BD05E605-1F2B-4991-A20C-C5371FEBCB79}.Debug|iPhoneSimulator.ActiveCfg = Debug|iPhoneSimulator
		{BD05E605-1F2B-4991-A20C-C5371FEBCB79}.Debug|iPhoneSimulator.Build.0 = Debug|iPhoneSimulator
		{BD05E605-1F2B-4991-A20C-C5371FEBCB79}.Release|iPhoneSimulator.ActiveCfg = Release|iPhoneSimulator
		{BD05E605-1F2B-4991-A20C-C5371FEBCB79}.Release|iPhoneSimulator.Build.0 = Release|iPhoneSimulator
		{BD05E605-1F2B-4991-A20C-C5371FEBCB79}.Debug|iPhone.ActiveCfg = Debug|iPhone
		{BD05E605-1F2B-4991-A20C-C5371FEBCB79}.Debug|iPhone.Build.0 = Debug|iPhone
		{BD05E605-1F2B-4991-A20C-C5371FEBCB79}.Release|iPhone.ActiveCfg = Release|iPhone
		{BD05E605-1F2B-4991-A20C-C5371FEBCB79}.Release|iPhone.Build.0 = Release|iPhone
		{BD05E605-1F2B-4991-A20C-C5371FEBCB79}.Ad-Hoc|iPhone.ActiveCfg = Ad-Hoc|iPhone
		{BD05E605-1F2B-4991-A20C-C5371FEBCB79}.Ad-Hoc|iPhone.Build.0 = Ad-Hoc|iPhone
		{BD05E605-1F2B-4991-A20C-C5371FEBCB79}.AppStore|iPhone.ActiveCfg = AppStore|iPhone
		{BD05E605-1F2B-4991-A20C-C5371FEBCB79}.AppStore|iPhone.Build.0 = AppStore|iPhone
		{46072FC1-901B-452A-BF61-88DB1B9A80A8}.Debug|Any CPU.ActiveCfg = Debug|Any CPU
		{46072FC1-901B-452A-BF61-88DB1B9A80A8}.Debug|Any CPU.Build.0 = Debug|Any CPU
		{46072FC1-901B-452A-BF61-88DB1B9A80A8}.Release|Any CPU.ActiveCfg = Release|Any CPU
		{46072FC1-901B-452A-BF61-88DB1B9A80A8}.Release|Any CPU.Build.0 = Release|Any CPU
		{46072FC1-901B-452A-BF61-88DB1B9A80A8}.Debug|iPhoneSimulator.ActiveCfg = Debug|Any CPU
		{46072FC1-901B-452A-BF61-88DB1B9A80A8}.Debug|iPhoneSimulator.Build.0 = Debug|Any CPU
		{46072FC1-901B-452A-BF61-88DB1B9A80A8}.Release|iPhoneSimulator.ActiveCfg = Release|Any CPU
		{46072FC1-901B-452A-BF61-88DB1B9A80A8}.Release|iPhoneSimulator.Build.0 = Release|Any CPU
		{46072FC1-901B-452A-BF61-88DB1B9A80A8}.Debug|iPhone.ActiveCfg = Debug|Any CPU
		{46072FC1-901B-452A-BF61-88DB1B9A80A8}.Debug|iPhone.Build.0 = Debug|Any CPU
		{46072FC1-901B-452A-BF61-88DB1B9A80A8}.Release|iPhone.ActiveCfg = Release|Any CPU
		{46072FC1-901B-452A-BF61-88DB1B9A80A8}.Release|iPhone.Build.0 = Release|Any CPU
		{46072FC1-901B-452A-BF61-88DB1B9A80A8}.Ad-Hoc|iPhone.ActiveCfg = Debug|Any CPU
		{46072FC1-901B-452A-BF61-88DB1B9A80A8}.Ad-Hoc|iPhone.Build.0 = Debug|Any CPU
		{46072FC1-901B-452A-BF61-88DB1B9A80A8}.AppStore|iPhone.ActiveCfg = Debug|Any CPU
		{46072FC1-901B-452A-BF61-88DB1B9A80A8}.AppStore|iPhone.Build.0 = Debug|Any CPU
	EndGlobalSection
EndGlobal
